// !$*UTF8*$!
{
	archiveVersion = 1;
	classes = {
	};
	objectVersion = 46;
	objects = {

/* Begin PBXBuildFile section */
		0C6BD7ABD2627F2B38CFA23C /* Pods_final_project_online_shopping_group3.framework in Frameworks */ = {isa = PBXBuildFile; fileRef = 7188C96D5F041FA017CD87CA /* Pods_final_project_online_shopping_group3.framework */; };
		871EC7ED1DE628E30025E2F2 /* LoginVC.swift in Sources */ = {isa = PBXBuildFile; fileRef = 871EC7EC1DE628E30025E2F2 /* LoginVC.swift */; };
		871EC7F11DE629440025E2F2 /* SingupVC.swift in Sources */ = {isa = PBXBuildFile; fileRef = 871EC7F01DE629440025E2F2 /* SingupVC.swift */; };
		878B1C3D1DEFD1A9002A1CC7 /* BinTV.swift in Sources */ = {isa = PBXBuildFile; fileRef = 878B1C3C1DEFD1A9002A1CC7 /* BinTV.swift */; };
		878B1C3F1DEFD57E002A1CC7 /* BinTVCell.swift in Sources */ = {isa = PBXBuildFile; fileRef = 878B1C3E1DEFD57E002A1CC7 /* BinTVCell.swift */; };
		87CEF3181DEF720F00EFD03E /* TableViewHistory.swift in Sources */ = {isa = PBXBuildFile; fileRef = 87CEF3171DEF720F00EFD03E /* TableViewHistory.swift */; };
		87CEF31A1DEF729300EFD03E /* PofileVCViewController.swift in Sources */ = {isa = PBXBuildFile; fileRef = 87CEF3191DEF729300EFD03E /* PofileVCViewController.swift */; };
		87CEF31C1DEF72BF00EFD03E /* BinVC.swift in Sources */ = {isa = PBXBuildFile; fileRef = 87CEF31B1DEF72BF00EFD03E /* BinVC.swift */; };
		87DD94CB1DEE6896002BA312 /* TableViewHome.swift in Sources */ = {isa = PBXBuildFile; fileRef = 87DD94CA1DEE6896002BA312 /* TableViewHome.swift */; };
		87DD94CE1DEE6E38002BA312 /* Main.storyboard in Resources */ = {isa = PBXBuildFile; fileRef = 87DD94CC1DEE6E38002BA312 /* Main.storyboard */; };
		87DD94D01DEE7313002BA312 /* MyTableViewCell.swift in Sources */ = {isa = PBXBuildFile; fileRef = 87DD94CF1DEE7313002BA312 /* MyTableViewCell.swift */; };
		DE9841FA1DED081800DF3F2D /* GoogleService-Info.plist in Resources */ = {isa = PBXBuildFile; fileRef = DE9841F91DED081800DF3F2D /* GoogleService-Info.plist */; };
		DEB8708A1DDE2AD8003B183D /* AppDelegate.swift in Sources */ = {isa = PBXBuildFile; fileRef = DEB870891DDE2AD8003B183D /* AppDelegate.swift */; };
		DEB870921DDE2AD8003B183D /* final_project_online_shopping_group3.xcdatamodeld in Sources */ = {isa = PBXBuildFile; fileRef = DEB870901DDE2AD8003B183D /* final_project_online_shopping_group3.xcdatamodeld */; };
		DEB870941DDE2AD8003B183D /* Assets.xcassets in Resources */ = {isa = PBXBuildFile; fileRef = DEB870931DDE2AD8003B183D /* Assets.xcassets */; };
		DEB870971DDE2AD8003B183D /* LaunchScreen.storyboard in Resources */ = {isa = PBXBuildFile; fileRef = DEB870951DDE2AD8003B183D /* LaunchScreen.storyboard */; };
/* End PBXBuildFile section */

/* Begin PBXFileReference section */
		139006035A7BE0340B585DA9 /* Pods-final_project_online_shopping_group3.release.xcconfig */ = {isa = PBXFileReference; includeInIndex = 1; lastKnownFileType = text.xcconfig; name = "Pods-final_project_online_shopping_group3.release.xcconfig"; path = "Pods/Target Support Files/Pods-final_project_online_shopping_group3/Pods-final_project_online_shopping_group3.release.xcconfig"; sourceTree = "<group>"; };
		7188C96D5F041FA017CD87CA /* Pods_final_project_online_shopping_group3.framework */ = {isa = PBXFileReference; explicitFileType = wrapper.framework; includeInIndex = 0; path = Pods_final_project_online_shopping_group3.framework; sourceTree = BUILT_PRODUCTS_DIR; };
		871EC7EC1DE628E30025E2F2 /* LoginVC.swift */ = {isa = PBXFileReference; fileEncoding = 4; lastKnownFileType = sourcecode.swift; path = LoginVC.swift; sourceTree = "<group>"; };
		871EC7F01DE629440025E2F2 /* SingupVC.swift */ = {isa = PBXFileReference; fileEncoding = 4; lastKnownFileType = sourcecode.swift; path = SingupVC.swift; sourceTree = "<group>"; };
		878B1C3C1DEFD1A9002A1CC7 /* BinTV.swift */ = {isa = PBXFileReference; fileEncoding = 4; lastKnownFileType = sourcecode.swift; path = BinTV.swift; sourceTree = "<group>"; };
		878B1C3E1DEFD57E002A1CC7 /* BinTVCell.swift */ = {isa = PBXFileReference; fileEncoding = 4; lastKnownFileType = sourcecode.swift; path = BinTVCell.swift; sourceTree = "<group>"; };
		87CEF3171DEF720F00EFD03E /* TableViewHistory.swift */ = {isa = PBXFileReference; fileEncoding = 4; lastKnownFileType = sourcecode.swift; path = TableViewHistory.swift; sourceTree = "<group>"; };
		87CEF3191DEF729300EFD03E /* PofileVCViewController.swift */ = {isa = PBXFileReference; fileEncoding = 4; lastKnownFileType = sourcecode.swift; path = PofileVCViewController.swift; sourceTree = "<group>"; };
		87CEF31B1DEF72BF00EFD03E /* BinVC.swift */ = {isa = PBXFileReference; fileEncoding = 4; lastKnownFileType = sourcecode.swift; path = BinVC.swift; sourceTree = "<group>"; };
		87DD94CA1DEE6896002BA312 /* TableViewHome.swift */ = {isa = PBXFileReference; fileEncoding = 4; lastKnownFileType = sourcecode.swift; path = TableViewHome.swift; sourceTree = "<group>"; };
		87DD94CD1DEE6E38002BA312 /* Base */ = {isa = PBXFileReference; lastKnownFileType = file.storyboard; name = Base; path = Base.lproj/Main.storyboard; sourceTree = "<group>"; };
		87DD94CF1DEE7313002BA312 /* MyTableViewCell.swift */ = {isa = PBXFileReference; fileEncoding = 4; lastKnownFileType = sourcecode.swift; path = MyTableViewCell.swift; sourceTree = "<group>"; };
		D23ABB257AF0654BC90AD3CF /* Pods-final_project_online_shopping_group3.debug.xcconfig */ = {isa = PBXFileReference; includeInIndex = 1; lastKnownFileType = text.xcconfig; name = "Pods-final_project_online_shopping_group3.debug.xcconfig"; path = "Pods/Target Support Files/Pods-final_project_online_shopping_group3/Pods-final_project_online_shopping_group3.debug.xcconfig"; sourceTree = "<group>"; };
		DE9841F91DED081800DF3F2D /* GoogleService-Info.plist */ = {isa = PBXFileReference; fileEncoding = 4; lastKnownFileType = text.plist.xml; path = "GoogleService-Info.plist"; sourceTree = "<group>"; };
		DEB870861DDE2AD8003B183D /* final_project_online_shopping_group3.app */ = {isa = PBXFileReference; explicitFileType = wrapper.application; includeInIndex = 0; path = final_project_online_shopping_group3.app; sourceTree = BUILT_PRODUCTS_DIR; };
		DEB870891DDE2AD8003B183D /* AppDelegate.swift */ = {isa = PBXFileReference; lastKnownFileType = sourcecode.swift; path = AppDelegate.swift; sourceTree = "<group>"; };
		DEB870911DDE2AD8003B183D /* final_project_online_shopping_group3.xcdatamodel */ = {isa = PBXFileReference; lastKnownFileType = wrapper.xcdatamodel; path = final_project_online_shopping_group3.xcdatamodel; sourceTree = "<group>"; };
		DEB870931DDE2AD8003B183D /* Assets.xcassets */ = {isa = PBXFileReference; lastKnownFileType = folder.assetcatalog; path = Assets.xcassets; sourceTree = "<group>"; };
		DEB870961DDE2AD8003B183D /* Base */ = {isa = PBXFileReference; lastKnownFileType = file.storyboard; name = Base; path = Base.lproj/LaunchScreen.storyboard; sourceTree = "<group>"; };
		DEB870981DDE2AD8003B183D /* Info.plist */ = {isa = PBXFileReference; lastKnownFileType = text.plist.xml; path = Info.plist; sourceTree = "<group>"; };
/* End PBXFileReference section */

/* Begin PBXFrameworksBuildPhase section */
		DEB870831DDE2AD8003B183D /* Frameworks */ = {
			isa = PBXFrameworksBuildPhase;
			buildActionMask = 2147483647;
			files = (
				0C6BD7ABD2627F2B38CFA23C /* Pods_final_project_online_shopping_group3.framework in Frameworks */,
			);
			runOnlyForDeploymentPostprocessing = 0;
		};
/* End PBXFrameworksBuildPhase section */

/* Begin PBXGroup section */
		91CA12927AD8571684C0C977 /* Frameworks */ = {
			isa = PBXGroup;
			children = (
				7188C96D5F041FA017CD87CA /* Pods_final_project_online_shopping_group3.framework */,
			);
			name = Frameworks;
			sourceTree = "<group>";
		};
		AD28DD070122BBB276965B2C /* Pods */ = {
			isa = PBXGroup;
			children = (
				D23ABB257AF0654BC90AD3CF /* Pods-final_project_online_shopping_group3.debug.xcconfig */,
				139006035A7BE0340B585DA9 /* Pods-final_project_online_shopping_group3.release.xcconfig */,
			);
			name = Pods;
			sourceTree = "<group>";
		};
		DEB8707D1DDE2AD8003B183D = {
			isa = PBXGroup;
			children = (
				DEB870881DDE2AD8003B183D /* final_project_online_shopping_group3 */,
				DEB870871DDE2AD8003B183D /* Products */,
				AD28DD070122BBB276965B2C /* Pods */,
				91CA12927AD8571684C0C977 /* Frameworks */,
			);
			sourceTree = "<group>";
		};
		DEB870871DDE2AD8003B183D /* Products */ = {
			isa = PBXGroup;
			children = (
				DEB870861DDE2AD8003B183D /* final_project_online_shopping_group3.app */,
			);
			name = Products;
			sourceTree = "<group>";
		};
		DEB870881DDE2AD8003B183D /* final_project_online_shopping_group3 */ = {
			isa = PBXGroup;
			children = (
				DEB870951DDE2AD8003B183D /* LaunchScreen.storyboard */,
				87DD94CC1DEE6E38002BA312 /* Main.storyboard */,
				DEB870891DDE2AD8003B183D /* AppDelegate.swift */,
				871EC7EC1DE628E30025E2F2 /* LoginVC.swift */,
				871EC7F01DE629440025E2F2 /* SingupVC.swift */,
				DEB870931DDE2AD8003B183D /* Assets.xcassets */,
				DEB870901DDE2AD8003B183D /* final_project_online_shopping_group3.xcdatamodeld */,
				DEB870981DDE2AD8003B183D /* Info.plist */,
				DE9841F91DED081800DF3F2D /* GoogleService-Info.plist */,
				87DD94CA1DEE6896002BA312 /* TableViewHome.swift */,
				87DD94CF1DEE7313002BA312 /* MyTableViewCell.swift */,
				87CEF3171DEF720F00EFD03E /* TableViewHistory.swift */,
				87CEF3191DEF729300EFD03E /* PofileVCViewController.swift */,
				87CEF31B1DEF72BF00EFD03E /* BinVC.swift */,
				878B1C3C1DEFD1A9002A1CC7 /* BinTV.swift */,
				878B1C3E1DEFD57E002A1CC7 /* BinTVCell.swift */,
			);
			path = final_project_online_shopping_group3;
			sourceTree = "<group>";
		};
/* End PBXGroup section */

/* Begin PBXNativeTarget section */
		DEB870851DDE2AD8003B183D /* final_project_online_shopping_group3 */ = {
			isa = PBXNativeTarget;
			buildConfigurationList = DEB8709B1DDE2AD8003B183D /* Build configuration list for PBXNativeTarget "final_project_online_shopping_group3" */;
			buildPhases = (
				EFBEA7742E0BB9CCE466F266 /* [CP] Check Pods Manifest.lock */,
				DEB870821DDE2AD8003B183D /* Sources */,
				DEB870831DDE2AD8003B183D /* Frameworks */,
				DEB870841DDE2AD8003B183D /* Resources */,
				27DD6685FCBC3FAE5333ED13 /* [CP] Embed Pods Frameworks */,
				6B67EA77DE4721E8EC9C9FD7 /* [CP] Copy Pods Resources */,
			);
			buildRules = (
			);
			dependencies = (
			);
			name = final_project_online_shopping_group3;
			productName = final_project_online_shopping_group3;
			productReference = DEB870861DDE2AD8003B183D /* final_project_online_shopping_group3.app */;
			productType = "com.apple.product-type.application";
		};
/* End PBXNativeTarget section */

/* Begin PBXProject section */
		DEB8707E1DDE2AD8003B183D /* Project object */ = {
			isa = PBXProject;
			attributes = {
				LastSwiftUpdateCheck = 0730;
				LastUpgradeCheck = 0730;
				ORGANIZATIONNAME = DeAnza;
				TargetAttributes = {
					DEB870851DDE2AD8003B183D = {
						CreatedOnToolsVersion = 7.3.1;
					};
				};
			};
			buildConfigurationList = DEB870811DDE2AD8003B183D /* Build configuration list for PBXProject "final_project_online_shopping_group3" */;
			compatibilityVersion = "Xcode 3.2";
			developmentRegion = English;
			hasScannedForEncodings = 0;
			knownRegions = (
				en,
				Base,
			);
			mainGroup = DEB8707D1DDE2AD8003B183D;
			productRefGroup = DEB870871DDE2AD8003B183D /* Products */;
			projectDirPath = "";
			projectRoot = "";
			targets = (
				DEB870851DDE2AD8003B183D /* final_project_online_shopping_group3 */,
			);
		};
/* End PBXProject section */

/* Begin PBXResourcesBuildPhase section */
		DEB870841DDE2AD8003B183D /* Resources */ = {
			isa = PBXResourcesBuildPhase;
			buildActionMask = 2147483647;
			files = (
				DEB870971DDE2AD8003B183D /* LaunchScreen.storyboard in Resources */,
				DE9841FA1DED081800DF3F2D /* GoogleService-Info.plist in Resources */,
				DEB870941DDE2AD8003B183D /* Assets.xcassets in Resources */,
				87DD94CE1DEE6E38002BA312 /* Main.storyboard in Resources */,
			);
			runOnlyForDeploymentPostprocessing = 0;
		};
/* End PBXResourcesBuildPhase section */

/* Begin PBXShellScriptBuildPhase section */
		27DD6685FCBC3FAE5333ED13 /* [CP] Embed Pods Frameworks */ = {
			isa = PBXShellScriptBuildPhase;
			buildActionMask = 2147483647;
			files = (
			);
			inputPaths = (
			);
			name = "[CP] Embed Pods Frameworks";
			outputPaths = (
			);
			runOnlyForDeploymentPostprocessing = 0;
			shellPath = /bin/sh;
			shellScript = "\"${SRCROOT}/Pods/Target Support Files/Pods-final_project_online_shopping_group3/Pods-final_project_online_shopping_group3-frameworks.sh\"\n";
			showEnvVarsInLog = 0;
		};
		6B67EA77DE4721E8EC9C9FD7 /* [CP] Copy Pods Resources */ = {
			isa = PBXShellScriptBuildPhase;
			buildActionMask = 2147483647;
			files = (
			);
			inputPaths = (
			);
			name = "[CP] Copy Pods Resources";
			outputPaths = (
			);
			runOnlyForDeploymentPostprocessing = 0;
			shellPath = /bin/sh;
			shellScript = "\"${SRCROOT}/Pods/Target Support Files/Pods-final_project_online_shopping_group3/Pods-final_project_online_shopping_group3-resources.sh\"\n";
			showEnvVarsInLog = 0;
		};
		EFBEA7742E0BB9CCE466F266 /* [CP] Check Pods Manifest.lock */ = {
			isa = PBXShellScriptBuildPhase;
			buildActionMask = 2147483647;
			files = (
			);
			inputPaths = (
			);
			name = "[CP] Check Pods Manifest.lock";
			outputPaths = (
			);
			runOnlyForDeploymentPostprocessing = 0;
			shellPath = /bin/sh;
			shellScript = "diff \"${PODS_ROOT}/../Podfile.lock\" \"${PODS_ROOT}/Manifest.lock\" > /dev/null\nif [ $? != 0 ] ; then\n    # print error to STDERR\n    echo \"error: The sandbox is not in sync with the Podfile.lock. Run 'pod install' or update your CocoaPods installation.\" >&2\n    exit 1\nfi\n";
			showEnvVarsInLog = 0;
		};
/* End PBXShellScriptBuildPhase section */

/* Begin PBXSourcesBuildPhase section */
		DEB870821DDE2AD8003B183D /* Sources */ = {
			isa = PBXSourcesBuildPhase;
			buildActionMask = 2147483647;
			files = (
				871EC7F11DE629440025E2F2 /* SingupVC.swift in Sources */,
				DEB870921DDE2AD8003B183D /* final_project_online_shopping_group3.xcdatamodeld in Sources */,
				87DD94CB1DEE6896002BA312 /* TableViewHome.swift in Sources */,
				871EC7ED1DE628E30025E2F2 /* LoginVC.swift in Sources */,
				DEB8708A1DDE2AD8003B183D /* AppDelegate.swift in Sources */,
				878B1C3D1DEFD1A9002A1CC7 /* BinTV.swift in Sources */,
				87CEF3181DEF720F00EFD03E /* TableViewHistory.swift in Sources */,
				87CEF31A1DEF729300EFD03E /* PofileVCViewController.swift in Sources */,
				87CEF31C1DEF72BF00EFD03E /* BinVC.swift in Sources */,
				87DD94D01DEE7313002BA312 /* MyTableViewCell.swift in Sources */,
				878B1C3F1DEFD57E002A1CC7 /* BinTVCell.swift in Sources */,
			);
			runOnlyForDeploymentPostprocessing = 0;
		};
/* End PBXSourcesBuildPhase section */

/* Begin PBXVariantGroup section */
		87DD94CC1DEE6E38002BA312 /* Main.storyboard */ = {
			isa = PBXVariantGroup;
			children = (
				87DD94CD1DEE6E38002BA312 /* Base */,
			);
			name = Main.storyboard;
			sourceTree = "<group>";
		};
		DEB870951DDE2AD8003B183D /* LaunchScreen.storyboard */ = {
			isa = PBXVariantGroup;
			children = (
				DEB870961DDE2AD8003B183D /* Base */,
			);
			name = LaunchScreen.storyboard;
			sourceTree = "<group>";
		};
/* End PBXVariantGroup section */

/* Begin XCBuildConfiguration section */
		DEB870991DDE2AD8003B183D /* Debug */ = {
			isa = XCBuildConfiguration;
			buildSettings = {
				ALWAYS_SEARCH_USER_PATHS = NO;
				CLANG_ANALYZER_NONNULL = YES;
				CLANG_CXX_LANGUAGE_STANDARD = "gnu++0x";
				CLANG_CXX_LIBRARY = "libc++";
				CLANG_ENABLE_MODULES = YES;
				CLANG_ENABLE_OBJC_ARC = YES;
				CLANG_WARN_BOOL_CONVERSION = YES;
				CLANG_WARN_CONSTANT_CONVERSION = YES;
				CLANG_WARN_DIRECT_OBJC_ISA_USAGE = YES_ERROR;
				CLANG_WARN_EMPTY_BODY = YES;
				CLANG_WARN_ENUM_CONVERSION = YES;
				CLANG_WARN_INT_CONVERSION = YES;
				CLANG_WARN_OBJC_ROOT_CLASS = YES_ERROR;
				CLANG_WARN_UNREACHABLE_CODE = YES;
				CLANG_WARN__DUPLICATE_METHOD_MATCH = YES;
				"CODE_SIGN_IDENTITY[sdk=iphoneos*]" = "iPhone Developer";
				COPY_PHASE_STRIP = NO;
				DEBUG_INFORMATION_FORMAT = dwarf;
				ENABLE_STRICT_OBJC_MSGSEND = YES;
				ENABLE_TESTABILITY = YES;
				GCC_C_LANGUAGE_STANDARD = gnu99;
				GCC_DYNAMIC_NO_PIC = NO;
				GCC_NO_COMMON_BLOCKS = YES;
				GCC_OPTIMIZATION_LEVEL = 0;
				GCC_PREPROCESSOR_DEFINITIONS = (
					"DEBUG=1",
					"$(inherited)",
				);
				GCC_WARN_64_TO_32_BIT_CONVERSION = YES;
				GCC_WARN_ABOUT_RETURN_TYPE = YES_ERROR;
				GCC_WARN_UNDECLARED_SELECTOR = YES;
				GCC_WARN_UNINITIALIZED_AUTOS = YES_AGGRESSIVE;
				GCC_WARN_UNUSED_FUNCTION = YES;
				GCC_WARN_UNUSED_VARIABLE = YES;
				IPHONEOS_DEPLOYMENT_TARGET = 9.3;
				MTL_ENABLE_DEBUG_INFO = YES;
				ONLY_ACTIVE_ARCH = YES;
				SDKROOT = iphoneos;
				SWIFT_OPTIMIZATION_LEVEL = "-Onone";
			};
			name = Debug;
		};
		DEB8709A1DDE2AD8003B183D /* Release */ = {
			isa = XCBuildConfiguration;
			buildSettings = {
				ALWAYS_SEARCH_USER_PATHS = NO;
				CLANG_ANALYZER_NONNULL = YES;
				CLANG_CXX_LANGUAGE_STANDARD = "gnu++0x";
				CLANG_CXX_LIBRARY = "libc++";
				CLANG_ENABLE_MODULES = YES;
				CLANG_ENABLE_OBJC_ARC = YES;
				CLANG_WARN_BOOL_CONVERSION = YES;
				CLANG_WARN_CONSTANT_CONVERSION = YES;
				CLANG_WARN_DIRECT_OBJC_ISA_USAGE = YES_ERROR;
				CLANG_WARN_EMPTY_BODY = YES;
				CLANG_WARN_ENUM_CONVERSION = YES;
				CLANG_WARN_INT_CONVERSION = YES;
				CLANG_WARN_OBJC_ROOT_CLASS = YES_ERROR;
				CLANG_WARN_UNREACHABLE_CODE = YES;
				CLANG_WARN__DUPLICATE_METHOD_MATCH = YES;
				"CODE_SIGN_IDENTITY[sdk=iphoneos*]" = "iPhone Developer";
				COPY_PHASE_STRIP = NO;
				DEBUG_INFORMATION_FORMAT = "dwarf-with-dsym";
				ENABLE_NS_ASSERTIONS = NO;
				ENABLE_STRICT_OBJC_MSGSEND = YES;
				GCC_C_LANGUAGE_STANDARD = gnu99;
				GCC_NO_COMMON_BLOCKS = YES;
				GCC_WARN_64_TO_32_BIT_CONVERSION = YES;
				GCC_WARN_ABOUT_RETURN_TYPE = YES_ERROR;
				GCC_WARN_UNDECLARED_SELECTOR = YES;
				GCC_WARN_UNINITIALIZED_AUTOS = YES_AGGRESSIVE;
				GCC_WARN_UNUSED_FUNCTION = YES;
				GCC_WARN_UNUSED_VARIABLE = YES;
				IPHONEOS_DEPLOYMENT_TARGET = 9.3;
				MTL_ENABLE_DEBUG_INFO = NO;
				SDKROOT = iphoneos;
				VALIDATE_PRODUCT = YES;
			};
			name = Release;
		};
		DEB8709C1DDE2AD8003B183D /* Debug */ = {
			isa = XCBuildConfiguration;
			baseConfigurationReference = D23ABB257AF0654BC90AD3CF /* Pods-final_project_online_shopping_group3.debug.xcconfig */;
			buildSettings = {
				ASSETCATALOG_COMPILER_APPICON_NAME = AppIcon;
				INFOPLIST_FILE = final_project_online_shopping_group3/Info.plist;
				LD_RUNPATH_SEARCH_PATHS = "$(inherited) @executable_path/Frameworks";
				PRODUCT_BUNDLE_IDENTIFIER = "edu.deanza.mhashemi.final-project-online-shopping-group3";
				PRODUCT_NAME = "$(TARGET_NAME)";
			};
			name = Debug;
		};
		DEB8709D1DDE2AD8003B183D /* Release */ = {
			isa = XCBuildConfiguration;
			baseConfigurationReference = 139006035A7BE0340B585DA9 /* Pods-final_project_online_shopping_group3.release.xcconfig */;
			buildSettings = {
				ASSETCATALOG_COMPILER_APPICON_NAME = AppIcon;
				INFOPLIST_FILE = final_project_online_shopping_group3/Info.plist;
				LD_RUNPATH_SEARCH_PATHS = "$(inherited) @executable_path/Frameworks";
				PRODUCT_BUNDLE_IDENTIFIER = "edu.deanza.mhashemi.final-project-online-shopping-group3";
				PRODUCT_NAME = "$(TARGET_NAME)";
			};
			name = Release;
		};
/* End XCBuildConfiguration section */

/* Begin XCConfigurationList section */
		DEB870811DDE2AD8003B183D /* Build configuration list for PBXProject "final_project_online_shopping_group3" */ = {
			isa = XCConfigurationList;
			buildConfigurations = (
				DEB870991DDE2AD8003B183D /* Debug */,
				DEB8709A1DDE2AD8003B183D /* Release */,
			);
			defaultConfigurationIsVisible = 0;
			defaultConfigurationName = Release;
		};
		DEB8709B1DDE2AD8003B183D /* Build configuration list for PBXNativeTarget "final_project_online_shopping_group3" */ = {
			isa = XCConfigurationList;
			buildConfigurations = (
				DEB8709C1DDE2AD8003B183D /* Debug */,
				DEB8709D1DDE2AD8003B183D /* Release */,
			);
			defaultConfigurationIsVisible = 0;
			defaultConfigurationName = Release;
		};
/* End XCConfigurationList section */

/* Begin XCVersionGroup section */
		DEB870901DDE2AD8003B183D /* final_project_online_shopping_group3.xcdatamodeld */ = {
			isa = XCVersionGroup;
			children = (
				DEB870911DDE2AD8003B183D /* final_project_online_shopping_group3.xcdatamodel */,
			);
			currentVersion = DEB870911DDE2AD8003B183D /* final_project_online_shopping_group3.xcdatamodel */;
			path = final_project_online_shopping_group3.xcdatamodeld;
			sourceTree = "<group>";
			versionGroupType = wrapper.xcdatamodel;
		};
/* End XCVersionGroup section */
	};
	rootObject = DEB8707E1DDE2AD8003B183D /* Project object */;
}
